
Microsoft Visual Studio Solution File, Format Version 12.00
# Visual Studio Version 16
VisualStudioVersion = 16.0.29806.167
MinimumVisualStudioVersion = 10.0.40219.1
Project("{9A19103F-16F7-4668-BE54-9A1E7A4F7556}") = "ServerApp", "ServerApp\ServerApp.csproj", "{C8C29F0B-F513-4E97-8013-9B0AAE50C18B}"
EndProject
Project("{E24C65DC-7377-472B-9ABA-BC803B73C61A}") = "ClientApp", "ClientApp\", "{128E6F45-9BEA-4E6A-B13A-BF4B401B4EDE}"
	ProjectSection(WebsiteProperties) = preProject
		TargetFrameworkMoniker = ".NETFramework,Version%3Dv4.0"
		Debug.AspNetCompiler.VirtualPath = "/localhost_58799"
		Debug.AspNetCompiler.PhysicalPath = "ClientApp\"
		Debug.AspNetCompiler.TargetPath = "PrecompiledWeb\localhost_58799\"
		Debug.AspNetCompiler.Updateable = "true"
		Debug.AspNetCompiler.ForceOverwrite = "true"
		Debug.AspNetCompiler.FixedNames = "false"
		Debug.AspNetCompiler.Debug = "True"
		Release.AspNetCompiler.VirtualPath = "/localhost_58799"
		Release.AspNetCompiler.PhysicalPath = "ClientApp\"
		Release.AspNetCompiler.TargetPath = "PrecompiledWeb\localhost_58799\"
		Release.AspNetCompiler.Updateable = "true"
		Release.AspNetCompiler.ForceOverwrite = "true"
		Release.AspNetCompiler.FixedNames = "false"
		Release.AspNetCompiler.Debug = "False"
		VWDPort = "58799"
		SlnRelativePath = "ClientApp\"
	EndProjectSection
EndProject
Project("{9A19103F-16F7-4668-BE54-9A1E7A4F7556}") = "BlazorApp", "BlazorApp\BlazorApp.csproj", "{3876B0B8-669E-45FA-AD32-2C5F2807D60E}"
EndProject
Global
	GlobalSection(SolutionConfigurationPlatforms) = preSolution
		Debug|Any CPU = Debug|Any CPU
		Release|Any CPU = Release|Any CPU
	EndGlobalSection
	GlobalSection(ProjectConfigurationPlatforms) = postSolution
		{C8C29F0B-F513-4E97-8013-9B0AAE50C18B}.Debug|Any CPU.ActiveCfg = Debug|Any CPU
		{C8C29F0B-F513-4E97-8013-9B0AAE50C18B}.Debug|Any CPU.Build.0 = Debug|Any CPU
		{C8C29F0B-F513-4E97-8013-9B0AAE50C18B}.Release|Any CPU.ActiveCfg = Release|Any CPU
		{C8C29F0B-F513-4E97-8013-9B0AAE50C18B}.Release|Any CPU.Build.0 = Release|Any CPU
		{128E6F45-9BEA-4E6A-B13A-BF4B401B4EDE}.Debug|Any CPU.ActiveCfg = Debug|Any CPU
		{128E6F45-9BEA-4E6A-B13A-BF4B401B4EDE}.Debug|Any CPU.Build.0 = Debug|Any CPU
		{128E6F45-9BEA-4E6A-B13A-BF4B401B4EDE}.Release|Any CPU.ActiveCfg = Debug|Any CPU
		{128E6F45-9BEA-4E6A-B13A-BF4B401B4EDE}.Release|Any CPU.Build.0 = Debug|Any CPU
		{3876B0B8-669E-45FA-AD32-2C5F2807D60E}.Debug|Any CPU.ActiveCfg = Debug|Any CPU
		{3876B0B8-669E-45FA-AD32-2C5F2807D60E}.Debug|Any CPU.Build.0 = Debug|Any CPU
		{3876B0B8-669E-45FA-AD32-2C5F2807D60E}.Release|Any CPU.ActiveCfg = Release|Any CPU
		{3876B0B8-669E-45FA-AD32-2C5F2807D60E}.Release|Any CPU.Build.0 = Release|Any CPU
	EndGlobalSection
	GlobalSection(SolutionProperties) = preSolution
		HideSolutionNode = FALSE
	EndGlobalSection
	GlobalSection(ExtensibilityGlobals) = postSolution
		SolutionGuid = {3CA9048F-114D-4D63-988B-41FC62685BD4}
	EndGlobalSection
EndGlobal
